
Microsoft Visual Studio Solution File, Format Version 12.00
# Visual Studio 15
VisualStudioVersion = 15.0.28010.2050
MinimumVisualStudioVersion = 10.0.40219.1
Project("{9A19103F-16F7-4668-BE54-9A1E7A4F7556}") = "OmmaLicenseValidator", "OmmaLicenseValidator\OmmaLicenseValidator.csproj", "{11385F62-86E4-48CD-83DB-E79EBB16BD02}"
EndProject
Project("{9A19103F-16F7-4668-BE54-9A1E7A4F7556}") = "ValidatorSample", "ValidatorSample\ValidatorSample.csproj", "{1BA6FAFF-39BB-4E2B-AE8D-E5F6D396747A}"
EndProject
Project("{FAE04EC0-301F-11D3-BF4B-00C04F79EFBC}") = "IntegrationTests", "IntegrationTests\IntegrationTests.csproj", "{9EC3E396-BD63-408E-905F-812720696D79}"
EndProject
Global
	GlobalSection(SolutionConfigurationPlatforms) = preSolution
		Debug|Any CPU = Debug|Any CPU
		Release|Any CPU = Release|Any CPU
	EndGlobalSection
	GlobalSection(ProjectConfigurationPlatforms) = postSolution
		{11385F62-86E4-48CD-83DB-E79EBB16BD02}.Debug|Any CPU.ActiveCfg = Debug|Any CPU
		{11385F62-86E4-48CD-83DB-E79EBB16BD02}.Debug|Any CPU.Build.0 = Debug|Any CPU
		{11385F62-86E4-48CD-83DB-E79EBB16BD02}.Release|Any CPU.ActiveCfg = Release|Any CPU
		{11385F62-86E4-48CD-83DB-E79EBB16BD02}.Release|Any CPU.Build.0 = Release|Any CPU
		{1BA6FAFF-39BB-4E2B-AE8D-E5F6D396747A}.Debug|Any CPU.ActiveCfg = Debug|Any CPU
		{1BA6FAFF-39BB-4E2B-AE8D-E5F6D396747A}.Debug|Any CPU.Build.0 = Debug|Any CPU
		{1BA6FAFF-39BB-4E2B-AE8D-E5F6D396747A}.Release|Any CPU.ActiveCfg = Release|Any CPU
		{1BA6FAFF-39BB-4E2B-AE8D-E5F6D396747A}.Release|Any CPU.Build.0 = Release|Any CPU
		{9EC3E396-BD63-408E-905F-812720696D79}.Debug|Any CPU.ActiveCfg = Debug|Any CPU
		{9EC3E396-BD63-408E-905F-812720696D79}.Debug|Any CPU.Build.0 = Debug|Any CPU
		{9EC3E396-BD63-408E-905F-812720696D79}.Release|Any CPU.ActiveCfg = Release|Any CPU
		{9EC3E396-BD63-408E-905F-812720696D79}.Release|Any CPU.Build.0 = Release|Any CPU
	EndGlobalSection
	GlobalSection(SolutionProperties) = preSolution
		HideSolutionNode = FALSE
	EndGlobalSection
	GlobalSection(ExtensibilityGlobals) = postSolution
		SolutionGuid = {980BF8AD-FA93-4B5B-A231-CA5553A11FEE}
	EndGlobalSection
EndGlobal
